
Microsoft Visual Studio Solution File, Format Version 12.00
# Visual Studio Version 17
VisualStudioVersion = 17.6.33723.286
MinimumVisualStudioVersion = 10.0.40219.1
Project("{FAE04EC0-301F-11D3-BF4B-00C04F79EFBC}") = "StudentAdminPortal-API", "StudentAdminPortal-API\StudentAdminPortal-API.csproj", "{0C8829F8-A5F8-45AC-9258-A04FF6DAE08A}"
EndProject
Global
	GlobalSection(SolutionConfigurationPlatforms) = preSolution
		Debug|Any CPU = Debug|Any CPU
		Release|Any CPU = Release|Any CPU
	EndGlobalSection
	GlobalSection(ProjectConfigurationPlatforms) = postSolution
		{0C8829F8-A5F8-45AC-9258-A04FF6DAE08A}.Debug|Any CPU.ActiveCfg = Debug|Any CPU
		{0C8829F8-A5F8-45AC-9258-A04FF6DAE08A}.Debug|Any CPU.Build.0 = Debug|Any CPU
		{0C8829F8-A5F8-45AC-9258-A04FF6DAE08A}.Release|Any CPU.ActiveCfg = Release|Any CPU
		{0C8829F8-A5F8-45AC-9258-A04FF6DAE08A}.Release|Any CPU.Build.0 = Release|Any CPU
	EndGlobalSection
	GlobalSection(SolutionProperties) = preSolution
		HideSolutionNode = FALSE
	EndGlobalSection
	GlobalSection(ExtensibilityGlobals) = postSolution
		SolutionGuid = {3CBEFA14-836A-452B-9E28-9CB96766A9DA}
	EndGlobalSection
EndGlobal
